
Microsoft Visual Studio Solution File, Format Version 12.00
# Visual Studio 15
VisualStudioVersion = 15.0.27130.2036
MinimumVisualStudioVersion = 10.0.40219.1
Project("{FAE04EC0-301F-11D3-BF4B-00C04F79EFBC}") = "Grabacion", "Grabacion\Grabacion.csproj", "{E3B9D2B2-19E7-472C-9CD0-70911AF24A36}"
EndProject
Global
	GlobalSection(SolutionConfigurationPlatforms) = preSolution
		Debug|Any CPU = Debug|Any CPU
		Release|Any CPU = Release|Any CPU
	EndGlobalSection
	GlobalSection(ProjectConfigurationPlatforms) = postSolution
		{E3B9D2B2-19E7-472C-9CD0-70911AF24A36}.Debug|Any CPU.ActiveCfg = Debug|Any CPU
		{E3B9D2B2-19E7-472C-9CD0-70911AF24A36}.Debug|Any CPU.Build.0 = Debug|Any CPU
		{E3B9D2B2-19E7-472C-9CD0-70911AF24A36}.Release|Any CPU.ActiveCfg = Release|Any CPU
		{E3B9D2B2-19E7-472C-9CD0-70911AF24A36}.Release|Any CPU.Build.0 = Release|Any CPU
	EndGlobalSection
	GlobalSection(SolutionProperties) = preSolution
		HideSolutionNode = FALSE
	EndGlobalSection
	GlobalSection(ExtensibilityGlobals) = postSolution
		SolutionGuid = {C808467A-5CCA-4A47-AB06-D12152C44021}
	EndGlobalSection
EndGlobal
